
Microsoft Visual Studio Solution File, Format Version 12.00
# Visual Studio Version 17
VisualStudioVersion = 17.9.34723.18
MinimumVisualStudioVersion = 10.0.40219.1
Project("{FAE04EC0-301F-11D3-BF4B-00C04F79EFBC}") = "IMDB1", "IMDB1\IMDB1.csproj", "{00C26254-B13B-4845-AD5C-E66EDB5B7973}"
EndProject
Global
	GlobalSection(SolutionConfigurationPlatforms) = preSolution
		Debug|Any CPU = Debug|Any CPU
		Release|Any CPU = Release|Any CPU
	EndGlobalSection
	GlobalSection(ProjectConfigurationPlatforms) = postSolution
		{00C26254-B13B-4845-AD5C-E66EDB5B7973}.Debug|Any CPU.ActiveCfg = Debug|Any CPU
		{00C26254-B13B-4845-AD5C-E66EDB5B7973}.Debug|Any CPU.Build.0 = Debug|Any CPU
		{00C26254-B13B-4845-AD5C-E66EDB5B7973}.Release|Any CPU.ActiveCfg = Release|Any CPU
		{00C26254-B13B-4845-AD5C-E66EDB5B7973}.Release|Any CPU.Build.0 = Release|Any CPU
	EndGlobalSection
	GlobalSection(SolutionProperties) = preSolution
		HideSolutionNode = FALSE
	EndGlobalSection
	GlobalSection(ExtensibilityGlobals) = postSolution
		SolutionGuid = {E257256B-8237-4C0C-B3A0-F2FA4ED9A2E0}
	EndGlobalSection
EndGlobal
